
Microsoft Visual Studio Solution File, Format Version 12.00
# Visual Studio Version 17
VisualStudioVersion = 17.4.33213.308
MinimumVisualStudioVersion = 10.0.40219.1
Project("{FAE04EC0-301F-11D3-BF4B-00C04F79EFBC}") = "BackgroundTaskExample", "BackgroundTaskExample\BackgroundTaskExample.csproj", "{8827CCCC-B4E5-4ACE-BBBB-9BAEB802F224}"
EndProject
Global
	GlobalSection(SolutionConfigurationPlatforms) = preSolution
		Debug|Any CPU = Debug|Any CPU
		Release|Any CPU = Release|Any CPU
	EndGlobalSection
	GlobalSection(ProjectConfigurationPlatforms) = postSolution
		{8827CCCC-B4E5-4ACE-BBBB-9BAEB802F224}.Debug|Any CPU.ActiveCfg = Debug|Any CPU
		{8827CCCC-B4E5-4ACE-BBBB-9BAEB802F224}.Debug|Any CPU.Build.0 = Debug|Any CPU
		{8827CCCC-B4E5-4ACE-BBBB-9BAEB802F224}.Release|Any CPU.ActiveCfg = Release|Any CPU
		{8827CCCC-B4E5-4ACE-BBBB-9BAEB802F224}.Release|Any CPU.Build.0 = Release|Any CPU
	EndGlobalSection
	GlobalSection(SolutionProperties) = preSolution
		HideSolutionNode = FALSE
	EndGlobalSection
	GlobalSection(ExtensibilityGlobals) = postSolution
		SolutionGuid = {4A822649-211B-46C2-AC2C-7178832EE1FF}
	EndGlobalSection
EndGlobal
